// !$*UTF8*$!
{
	archiveVersion = 1;
	classes = {
	};
	objectVersion = 77;
	objects = {

/* Begin PBXBuildFile section */
		A10000012F60000100A10001 /* ThemeCardCollectionViewCell.swift in Sources */ = {isa = PBXBuildFile; fileRef = A10000022F60000100A10001 /* ThemeCardCollectionViewCell.swift */; };
		A10000032F60000100A10001 /* ExpandedThemeCardView.swift in Sources */ = {isa = PBXBuildFile; fileRef = A10000042F60000100A10001 /* ExpandedThemeCardView.swift */; };
		A10000052F60000100A10001 /* HomeThemeCardFeature.swift in Sources */ = {isa = PBXBuildFile; fileRef = A10000062F60000100A10001 /* HomeThemeCardFeature.swift */; };
		A10000072F60000100A10001 /* QuizQuestionCountPolicy.swift in Sources */ = {isa = PBXBuildFile; fileRef = A10000082F60000100A10001 /* QuizQuestionCountPolicy.swift */; };
		A10000092F60000100A10001 /* HomeThemeCardFeatureTests.swift in Sources */ = {isa = PBXBuildFile; fileRef = A100000A2F60000100A10001 /* HomeThemeCardFeatureTests.swift */; };
		A20000012F80000100A20001 /* InfoPlist.strings in Resources */ = {isa = PBXBuildFile; fileRef = A20000082F80000100A20001 /* InfoPlist.strings */; };
		C10000012F70000100C10001 /* HomeThemeCardFlipTransitionTests.swift in Sources */ = {isa = PBXBuildFile; fileRef = C10000022F70000100C10001 /* HomeThemeCardFlipTransitionTests.swift */; };
		B10000012F70000100B10001 /* StatisticsCardCollectionViewCell.swift in Sources */ = {isa = PBXBuildFile; fileRef = B10000022F70000100B10001 /* StatisticsCardCollectionViewCell.swift */; };
		B10000032F70000100B10001 /* ExpandedStatisticsCardView.swift in Sources */ = {isa = PBXBuildFile; fileRef = B10000042F70000100B10001 /* ExpandedStatisticsCardView.swift */; };
		C10000032F80000100C10001 /* ExpandedAIThemeCardView.swift in Sources */ = {isa = PBXBuildFile; fileRef = C10000042F80000100C10001 /* ExpandedAIThemeCardView.swift */; };
		2BAB27033002BE0300D7E4FD /* AppMetricaCore in Frameworks */ = {isa = PBXBuildFile; productRef = 2BAB27023002BE0300D7E4FD /* AppMetricaCore */; };
		2BAB27053002BE0300D7E4FD /* AppMetricaCrashes in Frameworks */ = {isa = PBXBuildFile; productRef = 2BAB27043002BE0300D7E4FD /* AppMetricaCrashes */; };
		993C1BCB2D8D5EC200AD9BE4 /* AppDelegate.swift in Sources */ = {isa = PBXBuildFile; fileRef = 993C1BC12D8D5EC200AD9BE4 /* AppDelegate.swift */; };
		993C1BCC2D8D5EC200AD9BE4 /* SceneDelegate.swift in Sources */ = {isa = PBXBuildFile; fileRef = 993C1BC82D8D5EC200AD9BE4 /* SceneDelegate.swift */; };
		993C1BCE2D8D5EC200AD9BE4 /* Assets.xcassets in Resources */ = {isa = PBXBuildFile; fileRef = 993C1BC22D8D5EC200AD9BE4 /* Assets.xcassets */; };
		993C1BD02D8D5EC200AD9BE4 /* LaunchScreen.storyboard in Resources */ = {isa = PBXBuildFile; fileRef = 993C1BC52D8D5EC200AD9BE4 /* LaunchScreen.storyboard */; };
		993C1BD12D8D5EC200AD9BE4 /* Localizable.strings in Resources */ = {isa = PBXBuildFile; fileRef = 993C1BC62D8D5EC200AD9BE4 /* Localizable.strings */; };
		993C1BD82D8D600E00AD9BE4 /* QuizDescriptionViewController.swift in Sources */ = {isa = PBXBuildFile; fileRef = 993C1BD22D8D600E00AD9BE4 /* QuizDescriptionViewController.swift */; };
		993C1BD92D8D600E00AD9BE4 /* QuizFactory.swift in Sources */ = {isa = PBXBuildFile; fileRef = 993C1BD32D8D600E00AD9BE4 /* QuizFactory.swift */; };
		993C1BDA2D8D600E00AD9BE4 /* QuizQuestionViewController.swift in Sources */ = {isa = PBXBuildFile; fileRef = 993C1BD42D8D600E00AD9BE4 /* QuizQuestionViewController.swift */; };
		993C1BDB2D8D600E00AD9BE4 /* QuizViewController.swift in Sources */ = {isa = PBXBuildFile; fileRef = 993C1BD62D8D600E00AD9BE4 /* QuizViewController.swift */; };
		993C1BDC2D8D600E00AD9BE4 /* QuizResultViewController.swift in Sources */ = {isa = PBXBuildFile; fileRef = 993C1BD52D8D600E00AD9BE4 /* QuizResultViewController.swift */; };
		993C1BDD2D8D600E00AD9BE4 /* ThemeModel.swift in Sources */ = {isa = PBXBuildFile; fileRef = 993C1BD72D8D600E00AD9BE4 /* ThemeModel.swift */; };
		993C1BE02D8D600E00AD9BE4 /* QuizSettingsView.swift in Sources */ = {isa = PBXBuildFile; fileRef = 993C1BDF2D8D600E00AD9BE4 /* QuizSettingsView.swift */; };
		993C1BE22D8D606100AD9BE4 /* Animations.swift in Sources */ = {isa = PBXBuildFile; fileRef = 993C1BE12D8D606100AD9BE4 /* Animations.swift */; };
		993C1BE52D8D668700AD9BE4 /* QuizQuestionPresenter.swift in Sources */ = {isa = PBXBuildFile; fileRef = 993C1BE42D8D668700AD9BE4 /* QuizQuestionPresenter.swift */; };
		993C1BE72D8D669B00AD9BE4 /* QuizQuestionPresenterProtocol.swift in Sources */ = {isa = PBXBuildFile; fileRef = 993C1BE62D8D669B00AD9BE4 /* QuizQuestionPresenterProtocol.swift */; };
		993C1BE92D8D66AB00AD9BE4 /* QuizQuestionViewControllerProtocol.swift in Sources */ = {isa = PBXBuildFile; fileRef = 993C1BE82D8D66AB00AD9BE4 /* QuizQuestionViewControllerProtocol.swift */; };
		993C1C052D8F0A6000AD9BE4 /* data.json in Resources */ = {isa = PBXBuildFile; fileRef = 993C1C042D8F0A5B00AD9BE4 /* data.json */; };
		993C1C092D8F0F3B00AD9BE4 /* QuizQuestion.swift in Sources */ = {isa = PBXBuildFile; fileRef = 993C1C082D8F0F3B00AD9BE4 /* QuizQuestion.swift */; };
		993C1C232D8F0F6900AD9BE4 /* QuizTheme.swift in Sources */ = {isa = PBXBuildFile; fileRef = 993C1C222D8F0F6900AD9BE4 /* QuizTheme.swift */; };
		9945AF2E2DA4F27D00B15A77 /* ThemesCollectionService.swift in Sources */ = {isa = PBXBuildFile; fileRef = 9945AF2D2DA4F27D00B15A77 /* ThemesCollectionService.swift */; };
		9945AF322DA50F6A00B15A77 /* ThemeCollectionDelegate.swift in Sources */ = {isa = PBXBuildFile; fileRef = 9945AF312DA50F6A00B15A77 /* ThemeCollectionDelegate.swift */; };
		9945AFA02DA5C2CC00B15A77 /* QuizPresenter.swift in Sources */ = {isa = PBXBuildFile; fileRef = 9945AF9F2DA5C2CC00B15A77 /* QuizPresenter.swift */; };
		9945AFA22DA5C2EF00B15A77 /* QuizPresenterProtocol.swift in Sources */ = {isa = PBXBuildFile; fileRef = 9945AFA12DA5C2EF00B15A77 /* QuizPresenterProtocol.swift */; };
		9945AFA42DA5C34200B15A77 /* QuizViewControllerProtocol.swift in Sources */ = {isa = PBXBuildFile; fileRef = 9945AFA32DA5C34200B15A77 /* QuizViewControllerProtocol.swift */; };
		99722CB52D9424180028758D /* Quizice Enter.m4a in Resources */ = {isa = PBXBuildFile; fileRef = 99722CB42D9424180028758D /* Quizice Enter.m4a */; };
		99722CBA2D9427480028758D /* Quizice Correct.m4a in Resources */ = {isa = PBXBuildFile; fileRef = 99722CB82D9427480028758D /* Quizice Correct.m4a */; };
		99722CBB2D9427480028758D /* Quizice Incorrect.m4a in Resources */ = {isa = PBXBuildFile; fileRef = 99722CB92D9427480028758D /* Quizice Incorrect.m4a */; };
		99A000012E10000100A00001 /* StatisticsSummary.swift in Sources */ = {isa = PBXBuildFile; fileRef = 99A000022E10000100A00001 /* StatisticsSummary.swift */; };
		99A000032E10000100A00001 /* StatisticsStore.swift in Sources */ = {isa = PBXBuildFile; fileRef = 99A000042E10000100A00001 /* StatisticsStore.swift */; };
		99A000052E10000100A00001 /* StatisticsViewController.swift in Sources */ = {isa = PBXBuildFile; fileRef = 99A000062E10000100A00001 /* StatisticsViewController.swift */; };
		99A1AA012F10000100A1AA01 /* YandexAIQuizThemeServiceTests.swift in Sources */ = {isa = PBXBuildFile; fileRef = 99A1AA022F10000100A1AA01 /* YandexAIQuizThemeServiceTests.swift */; };
		99ADC9632D907844006DDC18 /* QuestionModel.swift in Sources */ = {isa = PBXBuildFile; fileRef = 99ADC9622D907844006DDC18 /* QuestionModel.swift */; };
		99B400022E20000100B40001 /* QuiziceTests.swift in Sources */ = {isa = PBXBuildFile; fileRef = 99B400012E20000100B40001 /* QuiziceTests.swift */; };
		99B400102E20000100B40001 /* StatisticsSummaryTests.swift in Sources */ = {isa = PBXBuildFile; fileRef = 99B400112E20000100B40001 /* StatisticsSummaryTests.swift */; };
		99B400122E20000100B40001 /* StatisticsStoreTests.swift in Sources */ = {isa = PBXBuildFile; fileRef = 99B400132E20000100B40001 /* StatisticsStoreTests.swift */; };
		99B400142E20000100B40001 /* QuizQuestionPresenterFailureStateTests.swift in Sources */ = {isa = PBXBuildFile; fileRef = 99B400152E20000100B40001 /* QuizQuestionPresenterFailureStateTests.swift */; };
		99B400162E20000100B40001 /* HomeScreenVisualStateTests.swift in Sources */ = {isa = PBXBuildFile; fileRef = 99B400172E20000100B40001 /* HomeScreenVisualStateTests.swift */; };
		99B400182E20000100B40001 /* CrossScreenVisualStateTests.swift in Sources */ = {isa = PBXBuildFile; fileRef = 99B400192E20000100B40001 /* CrossScreenVisualStateTests.swift */; };
		99C0FFEF2E50000100C0DE01 /* L10n.swift in Sources */ = {isa = PBXBuildFile; fileRef = 99C0FFEE2E50000100C0DE01 /* L10n.swift */; };
		99C0FFF12E50000100C0DE01 /* AppLocalization.swift in Sources */ = {isa = PBXBuildFile; fileRef = 99C0FFF02E50000100C0DE01 /* AppLocalization.swift */; };
		99C0FFF52E50000100C0DE01 /* LocalizationTests.swift in Sources */ = {isa = PBXBuildFile; fileRef = 99C0FFF42E50000100C0DE01 /* LocalizationTests.swift */; };
		99D100022E70000100D10001 /* AppAppearance.swift in Sources */ = {isa = PBXBuildFile; fileRef = 99D100012E70000100D10001 /* AppAppearance.swift */; };
		99D1000A2E70000100D10001 /* Inter.ttf in Resources */ = {isa = PBXBuildFile; fileRef = 99D100062E70000100D10001 /* Inter.ttf */; };
		99D1000B2E70000100D10001 /* JetBrainsMono.ttf in Resources */ = {isa = PBXBuildFile; fileRef = 99D100072E70000100D10001 /* JetBrainsMono.ttf */; };
		99E400012F30000100E40001 /* PrivacyInfo.xcprivacy in Resources */ = {isa = PBXBuildFile; fileRef = 99E400022F30000100E40001 /* PrivacyInfo.xcprivacy */; };
		99D1000D2E70000100D10001 /* Manrope.ttf in Resources */ = {isa = PBXBuildFile; fileRef = 99D100092E70000100D10001 /* Manrope.ttf */; };
		99E200012E90000100E20001 /* AIQuizThemePresentationSupport.swift in Sources */ = {isa = PBXBuildFile; fileRef = 99E200022E90000100E20001 /* AIQuizThemePresentationSupport.swift */; };
		99E200032E90000100E20001 /* AIQuizThemeService.swift in Sources */ = {isa = PBXBuildFile; fileRef = 99E200042E90000100E20001 /* AIQuizThemeService.swift */; };
		99E300012F20000100E30001 /* AnalyticsService.swift in Sources */ = {isa = PBXBuildFile; fileRef = 99E300022F20000100E30001 /* AnalyticsService.swift */; };
		99E300032F20000100E30001 /* AnalyticsServiceTests.swift in Sources */ = {isa = PBXBuildFile; fileRef = 99E300042F20000100E30001 /* AnalyticsServiceTests.swift */; };
		A10000010000000100000001 /* AuthService.swift in Sources */ = {isa = PBXBuildFile; fileRef = A10000020000000100000001 /* AuthService.swift */; };
		A10000040000000100000001 /* AuthServiceTests.swift in Sources */ = {isa = PBXBuildFile; fileRef = A10000050000000100000001 /* AuthServiceTests.swift */; };
		99F000012EA0000100F00001 /* SnapshotSupport.swift in Sources */ = {isa = PBXBuildFile; fileRef = 99F000002EA0000100F00001 /* SnapshotSupport.swift */; };
		99F000032EA0000100F00001 /* AppAppearanceTests.swift in Sources */ = {isa = PBXBuildFile; fileRef = 99F000022EA0000100F00001 /* AppAppearanceTests.swift */; };
		99F000052EA0000100F00001 /* QuizPresenterTests.swift in Sources */ = {isa = PBXBuildFile; fileRef = 99F000042EA0000100F00001 /* QuizPresenterTests.swift */; };
		99F000072EA0000100F00001 /* QuizQuestionPresenterTests.swift in Sources */ = {isa = PBXBuildFile; fileRef = 99F000062EA0000100F00001 /* QuizQuestionPresenterTests.swift */; };
		99F000092EA0000100F00001 /* QuizFactoryTests.swift in Sources */ = {isa = PBXBuildFile; fileRef = 99F000082EA0000100F00001 /* QuizFactoryTests.swift */; };
		99F0000B2EA0000100F00001 /* QuizFlowCoordinatorAdditionalTests.swift in Sources */ = {isa = PBXBuildFile; fileRef = 99F0000A2EA0000100F00001 /* QuizFlowCoordinatorAdditionalTests.swift */; };
		99F0000D2EA0000100F00001 /* ComponentSnapshotTests.swift in Sources */ = {isa = PBXBuildFile; fileRef = 99F0000C2EA0000100F00001 /* ComponentSnapshotTests.swift */; };
		99F0000F2EA0000100F00001 /* HomeCardSnapshotTests.swift in Sources */ = {isa = PBXBuildFile; fileRef = 99F0000E2EA0000100F00001 /* HomeCardSnapshotTests.swift */; };
		99F000112EA0000100F00001 /* ScreenSnapshotTests.swift in Sources */ = {isa = PBXBuildFile; fileRef = 99F000102EA0000100F00001 /* ScreenSnapshotTests.swift */; };
		99F000132EA0000100F00001 /* SwiftUISnapshotTests.swift in Sources */ = {isa = PBXBuildFile; fileRef = 99F000122EA0000100F00001 /* SwiftUISnapshotTests.swift */; };
		99F000212EA0000100F00001 /* SnapshotTesting in Frameworks */ = {isa = PBXBuildFile; productRef = 99F000202EA0000100F00001 /* SnapshotTesting */; };
		99FCF0252D969B7F006341F4 /* QuizResultPresenterProtocol.swift in Sources */ = {isa = PBXBuildFile; fileRef = 99FCF0242D969B7F006341F4 /* QuizResultPresenterProtocol.swift */; };
		99FCF0272D969B96006341F4 /* QuizResultPresenter.swift in Sources */ = {isa = PBXBuildFile; fileRef = 99FCF0262D969B96006341F4 /* QuizResultPresenter.swift */; };
		99FCF0292D969CDF006341F4 /* QuizResultViewControllerProtocol.swift in Sources */ = {isa = PBXBuildFile; fileRef = 99FCF0282D969CDF006341F4 /* QuizResultViewControllerProtocol.swift */; };
		99FCF02B2D96A522006341F4 /* QuizDescriptionPresenter.swift in Sources */ = {isa = PBXBuildFile; fileRef = 99FCF02A2D96A522006341F4 /* QuizDescriptionPresenter.swift */; };
		99FCF02D2D96A544006341F4 /* QuizDescriptionPresenterProtocol.swift in Sources */ = {isa = PBXBuildFile; fileRef = 99FCF02C2D96A544006341F4 /* QuizDescriptionPresenterProtocol.swift */; };
		99FCF02F2D96A569006341F4 /* QuizDescriptionViewControllerProtocol.swift in Sources */ = {isa = PBXBuildFile; fileRef = 99FCF02E2D96A569006341F4 /* QuizDescriptionViewControllerProtocol.swift */; };
/* End PBXBuildFile section */

/* Begin PBXContainerItemProxy section */
		99B4000B2E20000100B40001 /* PBXContainerItemProxy */ = {
			isa = PBXContainerItemProxy;
			containerPortal = 993C1BA12D8D5E8900AD9BE4 /* Project object */;
			proxyType = 1;
			remoteGlobalIDString = 993C1BA82D8D5E8900AD9BE4;
			remoteInfo = Quizice;
		};
/* End PBXContainerItemProxy section */

/* Begin PBXFileReference section */
		A10000022F60000100A10001 /* ThemeCardCollectionViewCell.swift */ = {isa = PBXFileReference; lastKnownFileType = sourcecode.swift; path = ThemeCardCollectionViewCell.swift; sourceTree = "<group>"; };
		A10000042F60000100A10001 /* ExpandedThemeCardView.swift */ = {isa = PBXFileReference; lastKnownFileType = sourcecode.swift; path = ExpandedThemeCardView.swift; sourceTree = "<group>"; };
		A10000062F60000100A10001 /* HomeThemeCardFeature.swift */ = {isa = PBXFileReference; lastKnownFileType = sourcecode.swift; path = HomeThemeCardFeature.swift; sourceTree = "<group>"; };
		A10000082F60000100A10001 /* QuizQuestionCountPolicy.swift */ = {isa = PBXFileReference; lastKnownFileType = sourcecode.swift; path = QuizQuestionCountPolicy.swift; sourceTree = "<group>"; };
		A100000A2F60000100A10001 /* HomeThemeCardFeatureTests.swift */ = {isa = PBXFileReference; lastKnownFileType = sourcecode.swift; path = HomeThemeCardFeatureTests.swift; sourceTree = "<group>"; };
		C10000022F70000100C10001 /* HomeThemeCardFlipTransitionTests.swift */ = {isa = PBXFileReference; lastKnownFileType = sourcecode.swift; path = HomeThemeCardFlipTransitionTests.swift; sourceTree = "<group>"; };
		B10000022F70000100B10001 /* StatisticsCardCollectionViewCell.swift */ = {isa = PBXFileReference; lastKnownFileType = sourcecode.swift; path = StatisticsCardCollectionViewCell.swift; sourceTree = "<group>"; };
		B10000042F70000100B10001 /* ExpandedStatisticsCardView.swift */ = {isa = PBXFileReference; lastKnownFileType = sourcecode.swift; path = ExpandedStatisticsCardView.swift; sourceTree = "<group>"; };
		C10000042F80000100C10001 /* ExpandedAIThemeCardView.swift */ = {isa = PBXFileReference; lastKnownFileType = sourcecode.swift; path = ExpandedAIThemeCardView.swift; sourceTree = "<group>"; };
		993C1BA92D8D5E8900AD9BE4 /* Quizice.app */ = {isa = PBXFileReference; explicitFileType = wrapper.application; includeInIndex = 0; path = Quizice.app; sourceTree = BUILT_PRODUCTS_DIR; };
		993C1BC12D8D5EC200AD9BE4 /* AppDelegate.swift */ = {isa = PBXFileReference; lastKnownFileType = sourcecode.swift; path = AppDelegate.swift; sourceTree = "<group>"; };
		993C1BC22D8D5EC200AD9BE4 /* Assets.xcassets */ = {isa = PBXFileReference; lastKnownFileType = folder.assetcatalog; path = Assets.xcassets; sourceTree = "<group>"; };
		993C1BC32D8D5EC200AD9BE4 /* Info.plist */ = {isa = PBXFileReference; lastKnownFileType = text.plist.xml; path = Info.plist; sourceTree = "<group>"; };
		99E400022F30000100E40001 /* PrivacyInfo.xcprivacy */ = {isa = PBXFileReference; lastKnownFileType = text.xml; path = PrivacyInfo.xcprivacy; sourceTree = "<group>"; };
		A10000020000000100000001 /* AuthService.swift */ = {isa = PBXFileReference; lastKnownFileType = sourcecode.swift; path = AuthService.swift; sourceTree = "<group>"; };
		A10000030000000100000001 /* Quizice.entitlements */ = {isa = PBXFileReference; lastKnownFileType = text.plist.entitlements; path = Quizice.entitlements; sourceTree = "<group>"; };
		A10000050000000100000001 /* AuthServiceTests.swift */ = {isa = PBXFileReference; lastKnownFileType = sourcecode.swift; path = AuthServiceTests.swift; sourceTree = "<group>"; };
		993C1BC42D8D5EC200AD9BE4 /* Base */ = {isa = PBXFileReference; lastKnownFileType = file.storyboard; name = Base; path = Base.lproj/LaunchScreen.storyboard; sourceTree = "<group>"; };
		993C1BC82D8D5EC200AD9BE4 /* SceneDelegate.swift */ = {isa = PBXFileReference; lastKnownFileType = sourcecode.swift; path = SceneDelegate.swift; sourceTree = "<group>"; };
		993C1BD22D8D600E00AD9BE4 /* QuizDescriptionViewController.swift */ = {isa = PBXFileReference; lastKnownFileType = sourcecode.swift; path = QuizDescriptionViewController.swift; sourceTree = "<group>"; };
		993C1BD32D8D600E00AD9BE4 /* QuizFactory.swift */ = {isa = PBXFileReference; lastKnownFileType = sourcecode.swift; path = QuizFactory.swift; sourceTree = "<group>"; };
		993C1BD42D8D600E00AD9BE4 /* QuizQuestionViewController.swift */ = {isa = PBXFileReference; lastKnownFileType = sourcecode.swift; path = QuizQuestionViewController.swift; sourceTree = "<group>"; };
		993C1BD52D8D600E00AD9BE4 /* QuizResultViewController.swift */ = {isa = PBXFileReference; lastKnownFileType = sourcecode.swift; path = QuizResultViewController.swift; sourceTree = "<group>"; };
		993C1BD62D8D600E00AD9BE4 /* QuizViewController.swift */ = {isa = PBXFileReference; lastKnownFileType = sourcecode.swift; path = QuizViewController.swift; sourceTree = "<group>"; };
		993C1BD72D8D600E00AD9BE4 /* ThemeModel.swift */ = {isa = PBXFileReference; lastKnownFileType = sourcecode.swift; path = ThemeModel.swift; sourceTree = "<group>"; };
		993C1BDF2D8D600E00AD9BE4 /* QuizSettingsView.swift */ = {isa = PBXFileReference; lastKnownFileType = sourcecode.swift; path = QuizSettingsView.swift; sourceTree = "<group>"; };
		993C1BE12D8D606100AD9BE4 /* Animations.swift */ = {isa = PBXFileReference; lastKnownFileType = sourcecode.swift; path = Animations.swift; sourceTree = "<group>"; };
		993C1BE42D8D668700AD9BE4 /* QuizQuestionPresenter.swift */ = {isa = PBXFileReference; lastKnownFileType = sourcecode.swift; path = QuizQuestionPresenter.swift; sourceTree = "<group>"; };
		993C1BE62D8D669B00AD9BE4 /* QuizQuestionPresenterProtocol.swift */ = {isa = PBXFileReference; lastKnownFileType = sourcecode.swift; path = QuizQuestionPresenterProtocol.swift; sourceTree = "<group>"; };
		993C1BE82D8D66AB00AD9BE4 /* QuizQuestionViewControllerProtocol.swift */ = {isa = PBXFileReference; lastKnownFileType = sourcecode.swift; path = QuizQuestionViewControllerProtocol.swift; sourceTree = "<group>"; };
		993C1C082D8F0F3B00AD9BE4 /* QuizQuestion.swift */ = {isa = PBXFileReference; lastKnownFileType = sourcecode.swift; path = QuizQuestion.swift; sourceTree = "<group>"; };
		993C1C222D8F0F6900AD9BE4 /* QuizTheme.swift */ = {isa = PBXFileReference; lastKnownFileType = sourcecode.swift; path = QuizTheme.swift; sourceTree = "<group>"; };
		9945AF2D2DA4F27D00B15A77 /* ThemesCollectionService.swift */ = {isa = PBXFileReference; lastKnownFileType = sourcecode.swift; path = ThemesCollectionService.swift; sourceTree = "<group>"; };
		9945AF312DA50F6A00B15A77 /* ThemeCollectionDelegate.swift */ = {isa = PBXFileReference; lastKnownFileType = sourcecode.swift; path = ThemeCollectionDelegate.swift; sourceTree = "<group>"; };
		9945AF9F2DA5C2CC00B15A77 /* QuizPresenter.swift */ = {isa = PBXFileReference; lastKnownFileType = sourcecode.swift; path = QuizPresenter.swift; sourceTree = "<group>"; };
		9945AFA12DA5C2EF00B15A77 /* QuizPresenterProtocol.swift */ = {isa = PBXFileReference; lastKnownFileType = sourcecode.swift; path = QuizPresenterProtocol.swift; sourceTree = "<group>"; };
		9945AFA32DA5C34200B15A77 /* QuizViewControllerProtocol.swift */ = {isa = PBXFileReference; lastKnownFileType = sourcecode.swift; path = QuizViewControllerProtocol.swift; sourceTree = "<group>"; };
		99722CB42D9424180028758D /* Quizice Enter.m4a */ = {isa = PBXFileReference; lastKnownFileType = file; path = "Quizice Enter.m4a"; sourceTree = "<group>"; };
		99722CB82D9427480028758D /* Quizice Correct.m4a */ = {isa = PBXFileReference; lastKnownFileType = file; path = "Quizice Correct.m4a"; sourceTree = "<group>"; };
		99722CB92D9427480028758D /* Quizice Incorrect.m4a */ = {isa = PBXFileReference; lastKnownFileType = file; path = "Quizice Incorrect.m4a"; sourceTree = "<group>"; };
		99A000022E10000100A00001 /* StatisticsSummary.swift */ = {isa = PBXFileReference; lastKnownFileType = sourcecode.swift; path = StatisticsSummary.swift; sourceTree = "<group>"; };
		99A000042E10000100A00001 /* StatisticsStore.swift */ = {isa = PBXFileReference; lastKnownFileType = sourcecode.swift; path = StatisticsStore.swift; sourceTree = "<group>"; };
		99A000062E10000100A00001 /* StatisticsViewController.swift */ = {isa = PBXFileReference; lastKnownFileType = sourcecode.swift; path = StatisticsViewController.swift; sourceTree = "<group>"; };
		99A1AA022F10000100A1AA01 /* YandexAIQuizThemeServiceTests.swift */ = {isa = PBXFileReference; lastKnownFileType = sourcecode.swift; path = YandexAIQuizThemeServiceTests.swift; sourceTree = "<group>"; };
		99ADC9622D907844006DDC18 /* QuestionModel.swift */ = {isa = PBXFileReference; lastKnownFileType = sourcecode.swift; path = QuestionModel.swift; sourceTree = "<group>"; };
		99B400012E20000100B40001 /* QuiziceTests.swift */ = {isa = PBXFileReference; lastKnownFileType = sourcecode.swift; path = QuiziceTests.swift; sourceTree = "<group>"; };
		99B400032E20000100B40001 /* QuiziceTests.xctest */ = {isa = PBXFileReference; explicitFileType = wrapper.cfbundle; includeInIndex = 0; path = QuiziceTests.xctest; sourceTree = BUILT_PRODUCTS_DIR; };
		99B400112E20000100B40001 /* StatisticsSummaryTests.swift */ = {isa = PBXFileReference; lastKnownFileType = sourcecode.swift; path = StatisticsSummaryTests.swift; sourceTree = "<group>"; };
		99B400132E20000100B40001 /* StatisticsStoreTests.swift */ = {isa = PBXFileReference; lastKnownFileType = sourcecode.swift; path = StatisticsStoreTests.swift; sourceTree = "<group>"; };
		99B400152E20000100B40001 /* QuizQuestionPresenterFailureStateTests.swift */ = {isa = PBXFileReference; lastKnownFileType = sourcecode.swift; path = QuizQuestionPresenterFailureStateTests.swift; sourceTree = "<group>"; };
		99B400172E20000100B40001 /* HomeScreenVisualStateTests.swift */ = {isa = PBXFileReference; lastKnownFileType = sourcecode.swift; path = HomeScreenVisualStateTests.swift; sourceTree = "<group>"; };
		99B400192E20000100B40001 /* CrossScreenVisualStateTests.swift */ = {isa = PBXFileReference; lastKnownFileType = sourcecode.swift; path = CrossScreenVisualStateTests.swift; sourceTree = "<group>"; };
		99C0F1002E50000100C0DE01 /* ru */ = {isa = PBXFileReference; lastKnownFileType = text.plist.strings; name = ru; path = ru.lproj/Localizable.strings; sourceTree = "<group>"; };
		99C0F1012E50000100C0DE01 /* en */ = {isa = PBXFileReference; lastKnownFileType = text.plist.strings; name = en; path = en.lproj/Localizable.strings; sourceTree = "<group>"; };
		99C0F1022E50000100C0DE01 /* es */ = {isa = PBXFileReference; lastKnownFileType = text.plist.strings; name = es; path = es.lproj/Localizable.strings; sourceTree = "<group>"; };
		99C0F1032E50000100C0DE01 /* de */ = {isa = PBXFileReference; lastKnownFileType = text.plist.strings; name = de; path = de.lproj/Localizable.strings; sourceTree = "<group>"; };
		99C0F1042E50000100C0DE01 /* it */ = {isa = PBXFileReference; lastKnownFileType = text.plist.strings; name = it; path = it.lproj/Localizable.strings; sourceTree = "<group>"; };
		99C0F1052E50000100C0DE01 /* fr */ = {isa = PBXFileReference; lastKnownFileType = text.plist.strings; name = fr; path = fr.lproj/Localizable.strings; sourceTree = "<group>"; };
		A20000022F80000100A20001 /* ru */ = {isa = PBXFileReference; lastKnownFileType = text.plist.strings; name = ru; path = ru.lproj/InfoPlist.strings; sourceTree = "<group>"; };
		A20000032F80000100A20001 /* en */ = {isa = PBXFileReference; lastKnownFileType = text.plist.strings; name = en; path = en.lproj/InfoPlist.strings; sourceTree = "<group>"; };
		A20000042F80000100A20001 /* es */ = {isa = PBXFileReference; lastKnownFileType = text.plist.strings; name = es; path = es.lproj/InfoPlist.strings; sourceTree = "<group>"; };
		A20000052F80000100A20001 /* de */ = {isa = PBXFileReference; lastKnownFileType = text.plist.strings; name = de; path = de.lproj/InfoPlist.strings; sourceTree = "<group>"; };
		A20000062F80000100A20001 /* it */ = {isa = PBXFileReference; lastKnownFileType = text.plist.strings; name = it; path = it.lproj/InfoPlist.strings; sourceTree = "<group>"; };
		A20000072F80000100A20001 /* fr */ = {isa = PBXFileReference; lastKnownFileType = text.plist.strings; name = fr; path = fr.lproj/InfoPlist.strings; sourceTree = "<group>"; };
		99C0F1102E50000100C0DE01 /* ru */ = {isa = PBXFileReference; lastKnownFileType = text.json; name = ru; path = ru.lproj/data.json; sourceTree = "<group>"; };
		99C0F1112E50000100C0DE01 /* en */ = {isa = PBXFileReference; lastKnownFileType = text.json; name = en; path = en.lproj/data.json; sourceTree = "<group>"; };
		99C0F1122E50000100C0DE01 /* es */ = {isa = PBXFileReference; lastKnownFileType = text.json; name = es; path = es.lproj/data.json; sourceTree = "<group>"; };
		99C0F1132E50000100C0DE01 /* de */ = {isa = PBXFileReference; lastKnownFileType = text.json; name = de; path = de.lproj/data.json; sourceTree = "<group>"; };
		99C0F1142E50000100C0DE01 /* it */ = {isa = PBXFileReference; lastKnownFileType = text.json; name = it; path = it.lproj/data.json; sourceTree = "<group>"; };
		99C0F1152E50000100C0DE01 /* fr */ = {isa = PBXFileReference; lastKnownFileType = text.json; name = fr; path = fr.lproj/data.json; sourceTree = "<group>"; };
		99C0FFEE2E50000100C0DE01 /* L10n.swift */ = {isa = PBXFileReference; lastKnownFileType = sourcecode.swift; path = L10n.swift; sourceTree = "<group>"; };
		99C0FFF02E50000100C0DE01 /* AppLocalization.swift */ = {isa = PBXFileReference; lastKnownFileType = sourcecode.swift; path = AppLocalization.swift; sourceTree = "<group>"; };
		99C0FFF42E50000100C0DE01 /* LocalizationTests.swift */ = {isa = PBXFileReference; lastKnownFileType = sourcecode.swift; path = LocalizationTests.swift; sourceTree = "<group>"; };
		99D100012E70000100D10001 /* AppAppearance.swift */ = {isa = PBXFileReference; lastKnownFileType = sourcecode.swift; path = AppAppearance.swift; sourceTree = "<group>"; };
		99D100062E70000100D10001 /* Inter.ttf */ = {isa = PBXFileReference; lastKnownFileType = file; path = Inter.ttf; sourceTree = "<group>"; };
		99D100072E70000100D10001 /* JetBrainsMono.ttf */ = {isa = PBXFileReference; lastKnownFileType = file; path = JetBrainsMono.ttf; sourceTree = "<group>"; };
		99D100092E70000100D10001 /* Manrope.ttf */ = {isa = PBXFileReference; lastKnownFileType = file; path = Manrope.ttf; sourceTree = "<group>"; };
		99E200022E90000100E20001 /* AIQuizThemePresentationSupport.swift */ = {isa = PBXFileReference; lastKnownFileType = sourcecode.swift; path = AIQuizThemePresentationSupport.swift; sourceTree = "<group>"; };
		99E200042E90000100E20001 /* AIQuizThemeService.swift */ = {isa = PBXFileReference; lastKnownFileType = sourcecode.swift; path = AIQuizThemeService.swift; sourceTree = "<group>"; };
		99E300022F20000100E30001 /* AnalyticsService.swift */ = {isa = PBXFileReference; lastKnownFileType = sourcecode.swift; path = AnalyticsService.swift; sourceTree = "<group>"; };
		99E300042F20000100E30001 /* AnalyticsServiceTests.swift */ = {isa = PBXFileReference; lastKnownFileType = sourcecode.swift; path = AnalyticsServiceTests.swift; sourceTree = "<group>"; };
		99F000002EA0000100F00001 /* SnapshotSupport.swift */ = {isa = PBXFileReference; lastKnownFileType = sourcecode.swift; path = SnapshotSupport.swift; sourceTree = "<group>"; };
		99F000022EA0000100F00001 /* AppAppearanceTests.swift */ = {isa = PBXFileReference; lastKnownFileType = sourcecode.swift; path = AppAppearanceTests.swift; sourceTree = "<group>"; };
		99F000042EA0000100F00001 /* QuizPresenterTests.swift */ = {isa = PBXFileReference; lastKnownFileType = sourcecode.swift; path = QuizPresenterTests.swift; sourceTree = "<group>"; };
		99F000062EA0000100F00001 /* QuizQuestionPresenterTests.swift */ = {isa = PBXFileReference; lastKnownFileType = sourcecode.swift; path = QuizQuestionPresenterTests.swift; sourceTree = "<group>"; };
		99F000082EA0000100F00001 /* QuizFactoryTests.swift */ = {isa = PBXFileReference; lastKnownFileType = sourcecode.swift; path = QuizFactoryTests.swift; sourceTree = "<group>"; };
		99F0000A2EA0000100F00001 /* QuizFlowCoordinatorAdditionalTests.swift */ = {isa = PBXFileReference; lastKnownFileType = sourcecode.swift; path = QuizFlowCoordinatorAdditionalTests.swift; sourceTree = "<group>"; };
		99F0000C2EA0000100F00001 /* ComponentSnapshotTests.swift */ = {isa = PBXFileReference; lastKnownFileType = sourcecode.swift; path = ComponentSnapshotTests.swift; sourceTree = "<group>"; };
		99F0000E2EA0000100F00001 /* HomeCardSnapshotTests.swift */ = {isa = PBXFileReference; lastKnownFileType = sourcecode.swift; path = HomeCardSnapshotTests.swift; sourceTree = "<group>"; };
		99F000102EA0000100F00001 /* ScreenSnapshotTests.swift */ = {isa = PBXFileReference; lastKnownFileType = sourcecode.swift; path = ScreenSnapshotTests.swift; sourceTree = "<group>"; };
		99F000122EA0000100F00001 /* SwiftUISnapshotTests.swift */ = {isa = PBXFileReference; lastKnownFileType = sourcecode.swift; path = SwiftUISnapshotTests.swift; sourceTree = "<group>"; };
		99FCF0242D969B7F006341F4 /* QuizResultPresenterProtocol.swift */ = {isa = PBXFileReference; lastKnownFileType = sourcecode.swift; path = QuizResultPresenterProtocol.swift; sourceTree = "<group>"; };
		99FCF0262D969B96006341F4 /* QuizResultPresenter.swift */ = {isa = PBXFileReference; lastKnownFileType = sourcecode.swift; path = QuizResultPresenter.swift; sourceTree = "<group>"; };
		99FCF0282D969CDF006341F4 /* QuizResultViewControllerProtocol.swift */ = {isa = PBXFileReference; lastKnownFileType = sourcecode.swift; path = QuizResultViewControllerProtocol.swift; sourceTree = "<group>"; };
		99FCF02A2D96A522006341F4 /* QuizDescriptionPresenter.swift */ = {isa = PBXFileReference; lastKnownFileType = sourcecode.swift; path = QuizDescriptionPresenter.swift; sourceTree = "<group>"; };
		99FCF02C2D96A544006341F4 /* QuizDescriptionPresenterProtocol.swift */ = {isa = PBXFileReference; lastKnownFileType = sourcecode.swift; path = QuizDescriptionPresenterProtocol.swift; sourceTree = "<group>"; };
		99FCF02E2D96A569006341F4 /* QuizDescriptionViewControllerProtocol.swift */ = {isa = PBXFileReference; lastKnownFileType = sourcecode.swift; path = QuizDescriptionViewControllerProtocol.swift; sourceTree = "<group>"; };
/* End PBXFileReference section */

/* Begin PBXFrameworksBuildPhase section */
		993C1BA62D8D5E8900AD9BE4 /* Frameworks */ = {
			isa = PBXFrameworksBuildPhase;
			buildActionMask = 2147483647;
			files = (
				2BAB27053002BE0300D7E4FD /* AppMetricaCrashes in Frameworks */,
				2BAB27033002BE0300D7E4FD /* AppMetricaCore in Frameworks */,
			);
			runOnlyForDeploymentPostprocessing = 0;
		};
		99B400052E20000100B40001 /* Frameworks */ = {
			isa = PBXFrameworksBuildPhase;
			buildActionMask = 2147483647;
			files = (
				99F000212EA0000100F00001 /* SnapshotTesting in Frameworks */,
			);
			runOnlyForDeploymentPostprocessing = 0;
		};
/* End PBXFrameworksBuildPhase section */

/* Begin PBXGroup section */
		993C1BA02D8D5E8900AD9BE4 = {
			isa = PBXGroup;
			children = (
				993C1BCA2D8D5EC200AD9BE4 /* Quizice */,
				99B400002E20000100B40001 /* QuiziceTests */,
				993C1BAA2D8D5E8900AD9BE4 /* Products */,
			);
			sourceTree = "<group>";
		};
		993C1BAA2D8D5E8900AD9BE4 /* Products */ = {
			isa = PBXGroup;
			children = (
				993C1BA92D8D5E8900AD9BE4 /* Quizice.app */,
				99B400032E20000100B40001 /* QuiziceTests.xctest */,
			);
			name = Products;
			sourceTree = "<group>";
		};
		993C1BCA2D8D5EC200AD9BE4 /* Quizice */ = {
			isa = PBXGroup;
			children = (
				993C1BC12D8D5EC200AD9BE4 /* AppDelegate.swift */,
				993C1BC82D8D5EC200AD9BE4 /* SceneDelegate.swift */,
				A10000030000000100000001 /* Quizice.entitlements */,
				993C1BC52D8D5EC200AD9BE4 /* LaunchScreen.storyboard */,
				993C1BC62D8D5EC200AD9BE4 /* Localizable.strings */,
				A20000082F80000100A20001 /* InfoPlist.strings */,
				99C0FFEE2E50000100C0DE01 /* L10n.swift */,
				99C0FFF02E50000100C0DE01 /* AppLocalization.swift */,
				993C1BDE2D8D601E00AD9BE4 /* Models */,
				993C1BE32D8D606400AD9BE4 /* Services */,
				99D100012E70000100D10001 /* AppAppearance.swift */,
				A10000022F60000100A10001 /* ThemeCardCollectionViewCell.swift */,
				A10000042F60000100A10001 /* ExpandedThemeCardView.swift */,
				B10000022F70000100B10001 /* StatisticsCardCollectionViewCell.swift */,
				B10000042F70000100B10001 /* ExpandedStatisticsCardView.swift */,
				C10000042F80000100C10001 /* ExpandedAIThemeCardView.swift */,
				993C1BD62D8D600E00AD9BE4 /* QuizViewController.swift */,
				993C1BDF2D8D600E00AD9BE4 /* QuizSettingsView.swift */,
				99E200022E90000100E20001 /* AIQuizThemePresentationSupport.swift */,
				993C1BD22D8D600E00AD9BE4 /* QuizDescriptionViewController.swift */,
				993C1BD42D8D600E00AD9BE4 /* QuizQuestionViewController.swift */,
				993C1BD52D8D600E00AD9BE4 /* QuizResultViewController.swift */,
				99A000062E10000100A00001 /* StatisticsViewController.swift */,
				993C1BC22D8D5EC200AD9BE4 /* Assets.xcassets */,
				99D100032E70000100D10001 /* Resources */,
				993C1C042D8F0A5B00AD9BE4 /* data.json */,
				993C1BC32D8D5EC200AD9BE4 /* Info.plist */,
				99E400022F30000100E40001 /* PrivacyInfo.xcprivacy */,
				99722CAD2D941CC70028758D /* Sounds */,
			);
			path = Quizice;
			sourceTree = "<group>";
		};
		993C1BDE2D8D601E00AD9BE4 /* Models */ = {
			isa = PBXGroup;
			children = (
				993C1BD72D8D600E00AD9BE4 /* ThemeModel.swift */,
				99ADC9622D907844006DDC18 /* QuestionModel.swift */,
				99A000022E10000100A00001 /* StatisticsSummary.swift */,
				9945AFA32DA5C34200B15A77 /* QuizViewControllerProtocol.swift */,
				9945AFA12DA5C2EF00B15A77 /* QuizPresenterProtocol.swift */,
				99FCF02C2D96A544006341F4 /* QuizDescriptionPresenterProtocol.swift */,
				99FCF02E2D96A569006341F4 /* QuizDescriptionViewControllerProtocol.swift */,
				993C1BE62D8D669B00AD9BE4 /* QuizQuestionPresenterProtocol.swift */,
				993C1BE82D8D66AB00AD9BE4 /* QuizQuestionViewControllerProtocol.swift */,
				99FCF0242D969B7F006341F4 /* QuizResultPresenterProtocol.swift */,
				99FCF0282D969CDF006341F4 /* QuizResultViewControllerProtocol.swift */,
				993C1C222D8F0F6900AD9BE4 /* QuizTheme.swift */,
				993C1C082D8F0F3B00AD9BE4 /* QuizQuestion.swift */,
			);
			path = Models;
			sourceTree = "<group>";
		};
		993C1BE32D8D606400AD9BE4 /* Services */ = {
			isa = PBXGroup;
			children = (
				A10000020000000100000001 /* AuthService.swift */,
				99E300022F20000100E30001 /* AnalyticsService.swift */,
				993C1BE12D8D606100AD9BE4 /* Animations.swift */,
				9945AF2D2DA4F27D00B15A77 /* ThemesCollectionService.swift */,
				9945AF312DA50F6A00B15A77 /* ThemeCollectionDelegate.swift */,
				A10000062F60000100A10001 /* HomeThemeCardFeature.swift */,
				A10000082F60000100A10001 /* QuizQuestionCountPolicy.swift */,
				993C1BD32D8D600E00AD9BE4 /* QuizFactory.swift */,
				99E200042E90000100E20001 /* AIQuizThemeService.swift */,
				9945AF9F2DA5C2CC00B15A77 /* QuizPresenter.swift */,
				99FCF02A2D96A522006341F4 /* QuizDescriptionPresenter.swift */,
				993C1BE42D8D668700AD9BE4 /* QuizQuestionPresenter.swift */,
				99FCF0262D969B96006341F4 /* QuizResultPresenter.swift */,
				99A000042E10000100A00001 /* StatisticsStore.swift */,
			);
			path = Services;
			sourceTree = "<group>";
		};
		99722CAD2D941CC70028758D /* Sounds */ = {
			isa = PBXGroup;
			children = (
				99722CB42D9424180028758D /* Quizice Enter.m4a */,
				99722CB82D9427480028758D /* Quizice Correct.m4a */,
				99722CB92D9427480028758D /* Quizice Incorrect.m4a */,
			);
			path = Sounds;
			sourceTree = "<group>";
		};
		99B400002E20000100B40001 /* QuiziceTests */ = {
			isa = PBXGroup;
			children = (
				99F000142EA0000100F00001 /* Unit */,
				99F000152EA0000100F00001 /* UI */,
				99F000162EA0000100F00001 /* Snapshots */,
			);
			path = QuiziceTests;
			sourceTree = "<group>";
		};
		99D100032E70000100D10001 /* Resources */ = {
			isa = PBXGroup;
			children = (
				99D100052E70000100D10001 /* Fonts */,
			);
			path = Resources;
			sourceTree = "<group>";
		};
		99D100052E70000100D10001 /* Fonts */ = {
			isa = PBXGroup;
			children = (
				99D100062E70000100D10001 /* Inter.ttf */,
				99D100072E70000100D10001 /* JetBrainsMono.ttf */,
				99D100092E70000100D10001 /* Manrope.ttf */,
			);
			path = Fonts;
			sourceTree = "<group>";
		};
		99F000142EA0000100F00001 /* Unit */ = {
			isa = PBXGroup;
			children = (
				A10000050000000100000001 /* AuthServiceTests.swift */,
				99E300042F20000100E30001 /* AnalyticsServiceTests.swift */,
				99B400012E20000100B40001 /* QuiziceTests.swift */,
				99F000022EA0000100F00001 /* AppAppearanceTests.swift */,
				99F000042EA0000100F00001 /* QuizPresenterTests.swift */,
				99F000062EA0000100F00001 /* QuizQuestionPresenterTests.swift */,
				99F000082EA0000100F00001 /* QuizFactoryTests.swift */,
				99F0000A2EA0000100F00001 /* QuizFlowCoordinatorAdditionalTests.swift */,
				99B400112E20000100B40001 /* StatisticsSummaryTests.swift */,
				99B400132E20000100B40001 /* StatisticsStoreTests.swift */,
				99B400152E20000100B40001 /* QuizQuestionPresenterFailureStateTests.swift */,
				99C0FFF42E50000100C0DE01 /* LocalizationTests.swift */,
				A100000A2F60000100A10001 /* HomeThemeCardFeatureTests.swift */,
				C10000022F70000100C10001 /* HomeThemeCardFlipTransitionTests.swift */,
				99A1AA022F10000100A1AA01 /* YandexAIQuizThemeServiceTests.swift */,
			);
			path = Unit;
			sourceTree = "<group>";
		};
		99F000152EA0000100F00001 /* UI */ = {
			isa = PBXGroup;
			children = (
				99B400172E20000100B40001 /* HomeScreenVisualStateTests.swift */,
				99B400192E20000100B40001 /* CrossScreenVisualStateTests.swift */,
			);
			path = UI;
			sourceTree = "<group>";
		};
		99F000162EA0000100F00001 /* Snapshots */ = {
			isa = PBXGroup;
			children = (
				99F000002EA0000100F00001 /* SnapshotSupport.swift */,
				99F0000C2EA0000100F00001 /* ComponentSnapshotTests.swift */,
				99F0000E2EA0000100F00001 /* HomeCardSnapshotTests.swift */,
				99F000102EA0000100F00001 /* ScreenSnapshotTests.swift */,
				99F000122EA0000100F00001 /* SwiftUISnapshotTests.swift */,
			);
			path = Snapshots;
			sourceTree = "<group>";
		};
/* End PBXGroup section */

/* Begin PBXNativeTarget section */
		993C1BA82D8D5E8900AD9BE4 /* Quizice */ = {
			isa = PBXNativeTarget;
			buildConfigurationList = 993C1BBC2D8D5E8A00AD9BE4 /* Build configuration list for PBXNativeTarget "Quizice" */;
			buildPhases = (
				993C1BA52D8D5E8900AD9BE4 /* Sources */,
				993C1BA62D8D5E8900AD9BE4 /* Frameworks */,
				993C1BA72D8D5E8900AD9BE4 /* Resources */,
			);
			buildRules = (
			);
			dependencies = (
			);
			name = Quizice;
			packageProductDependencies = (
				2BAB27023002BE0300D7E4FD /* AppMetricaCore */,
				2BAB27043002BE0300D7E4FD /* AppMetricaCrashes */,
			);
			productName = Quizice;
			productReference = 993C1BA92D8D5E8900AD9BE4 /* Quizice.app */;
			productType = "com.apple.product-type.application";
		};
		99B400082E20000100B40001 /* QuiziceTests */ = {
			isa = PBXNativeTarget;
			buildConfigurationList = 99B4000E2E20000100B40001 /* Build configuration list for PBXNativeTarget "QuiziceTests" */;
			buildPhases = (
				99B400042E20000100B40001 /* Sources */,
				99B400052E20000100B40001 /* Frameworks */,
				99B400062E20000100B40001 /* Resources */,
			);
			buildRules = (
			);
			dependencies = (
				99B4000C2E20000100B40001 /* PBXTargetDependency */,
			);
			name = QuiziceTests;
			packageProductDependencies = (
				99F000202EA0000100F00001 /* SnapshotTesting */,
			);
			productName = QuiziceTests;
			productReference = 99B400032E20000100B40001 /* QuiziceTests.xctest */;
			productType = "com.apple.product-type.bundle.unit-test";
		};
/* End PBXNativeTarget section */

/* Begin PBXProject section */
		993C1BA12D8D5E8900AD9BE4 /* Project object */ = {
			isa = PBXProject;
			attributes = {
				BuildIndependentTargetsInParallel = 1;
				LastSwiftUpdateCheck = 1620;
				LastUpgradeCheck = 1620;
				TargetAttributes = {
					993C1BA82D8D5E8900AD9BE4 = {
						CreatedOnToolsVersion = 16.2;
						SystemCapabilities = {
							com.apple.GameCenter = {
								enabled = 1;
							};
						};
					};
					99B400082E20000100B40001 = {
						CreatedOnToolsVersion = 16.2;
						TestTargetID = 993C1BA82D8D5E8900AD9BE4;
					};
				};
			};
			buildConfigurationList = 993C1BA42D8D5E8900AD9BE4 /* Build configuration list for PBXProject "Quizice" */;
			developmentRegion = en;
			hasScannedForEncodings = 0;
			knownRegions = (
				en,
				ru,
				es,
				de,
				it,
				fr,
				Base,
			);
			mainGroup = 993C1BA02D8D5E8900AD9BE4;
			minimizedProjectReferenceProxies = 1;
			packageReferences = (
				99F000302EA0000100F00001 /* XCRemoteSwiftPackageReference "swift-snapshot-testing" */,
				2BAB26FD3002BE0300D7E4FD /* XCRemoteSwiftPackageReference "appmetrica-sdk-ios" */,
			);
			preferredProjectObjectVersion = 77;
			productRefGroup = 993C1BAA2D8D5E8900AD9BE4 /* Products */;
			projectDirPath = "";
			projectRoot = "";
			targets = (
				993C1BA82D8D5E8900AD9BE4 /* Quizice */,
				99B400082E20000100B40001 /* QuiziceTests */,
			);
		};
/* End PBXProject section */

/* Begin PBXResourcesBuildPhase section */
		993C1BA72D8D5E8900AD9BE4 /* Resources */ = {
			isa = PBXResourcesBuildPhase;
			buildActionMask = 2147483647;
			files = (
				993C1BCE2D8D5EC200AD9BE4 /* Assets.xcassets in Resources */,
				99722CBA2D9427480028758D /* Quizice Correct.m4a in Resources */,
				99722CBB2D9427480028758D /* Quizice Incorrect.m4a in Resources */,
				993C1BD02D8D5EC200AD9BE4 /* LaunchScreen.storyboard in Resources */,
				993C1BD12D8D5EC200AD9BE4 /* Localizable.strings in Resources */,
				A20000012F80000100A20001 /* InfoPlist.strings in Resources */,
				99722CB52D9424180028758D /* Quizice Enter.m4a in Resources */,
				993C1C052D8F0A6000AD9BE4 /* data.json in Resources */,
				99D1000A2E70000100D10001 /* Inter.ttf in Resources */,
				99D1000B2E70000100D10001 /* JetBrainsMono.ttf in Resources */,
				99E400012F30000100E40001 /* PrivacyInfo.xcprivacy in Resources */,
				99D1000D2E70000100D10001 /* Manrope.ttf in Resources */,
			);
			runOnlyForDeploymentPostprocessing = 0;
		};
		99B400062E20000100B40001 /* Resources */ = {
			isa = PBXResourcesBuildPhase;
			buildActionMask = 2147483647;
			files = (
			);
			runOnlyForDeploymentPostprocessing = 0;
		};
/* End PBXResourcesBuildPhase section */

/* Begin PBXSourcesBuildPhase section */
		993C1BA52D8D5E8900AD9BE4 /* Sources */ = {
			isa = PBXSourcesBuildPhase;
			buildActionMask = 2147483647;
			files = (
				A10000010000000100000001 /* AuthService.swift in Sources */,
				99E300012F20000100E30001 /* AnalyticsService.swift in Sources */,
				A10000012F60000100A10001 /* ThemeCardCollectionViewCell.swift in Sources */,
				A10000032F60000100A10001 /* ExpandedThemeCardView.swift in Sources */,
				B10000012F70000100B10001 /* StatisticsCardCollectionViewCell.swift in Sources */,
				B10000032F70000100B10001 /* ExpandedStatisticsCardView.swift in Sources */,
				C10000032F80000100C10001 /* ExpandedAIThemeCardView.swift in Sources */,
				A10000052F60000100A10001 /* HomeThemeCardFeature.swift in Sources */,
				A10000072F60000100A10001 /* QuizQuestionCountPolicy.swift in Sources */,
				99FCF02D2D96A544006341F4 /* QuizDescriptionPresenterProtocol.swift in Sources */,
				99FCF02B2D96A522006341F4 /* QuizDescriptionPresenter.swift in Sources */,
				9945AFA42DA5C34200B15A77 /* QuizViewControllerProtocol.swift in Sources */,
				993C1BCB2D8D5EC200AD9BE4 /* AppDelegate.swift in Sources */,
				993C1BE92D8D66AB00AD9BE4 /* QuizQuestionViewControllerProtocol.swift in Sources */,
				99FCF0292D969CDF006341F4 /* QuizResultViewControllerProtocol.swift in Sources */,
				993C1C092D8F0F3B00AD9BE4 /* QuizQuestion.swift in Sources */,
				99D100022E70000100D10001 /* AppAppearance.swift in Sources */,
				993C1BE72D8D669B00AD9BE4 /* QuizQuestionPresenterProtocol.swift in Sources */,
				993C1BCC2D8D5EC200AD9BE4 /* SceneDelegate.swift in Sources */,
				99C0FFF12E50000100C0DE01 /* AppLocalization.swift in Sources */,
				99C0FFEF2E50000100C0DE01 /* L10n.swift in Sources */,
				993C1BD82D8D600E00AD9BE4 /* QuizDescriptionViewController.swift in Sources */,
				9945AF2E2DA4F27D00B15A77 /* ThemesCollectionService.swift in Sources */,
				993C1BD92D8D600E00AD9BE4 /* QuizFactory.swift in Sources */,
				993C1BDA2D8D600E00AD9BE4 /* QuizQuestionViewController.swift in Sources */,
				99FCF0272D969B96006341F4 /* QuizResultPresenter.swift in Sources */,
				99FCF02F2D96A569006341F4 /* QuizDescriptionViewControllerProtocol.swift in Sources */,
				993C1BE22D8D606100AD9BE4 /* Animations.swift in Sources */,
				99E200012E90000100E20001 /* AIQuizThemePresentationSupport.swift in Sources */,
				99ADC9632D907844006DDC18 /* QuestionModel.swift in Sources */,
				99A000012E10000100A00001 /* StatisticsSummary.swift in Sources */,
				99A000032E10000100A00001 /* StatisticsStore.swift in Sources */,
				99A000052E10000100A00001 /* StatisticsViewController.swift in Sources */,
				99E200032E90000100E20001 /* AIQuizThemeService.swift in Sources */,
				9945AF322DA50F6A00B15A77 /* ThemeCollectionDelegate.swift in Sources */,
				99FCF0252D969B7F006341F4 /* QuizResultPresenterProtocol.swift in Sources */,
				993C1C232D8F0F6900AD9BE4 /* QuizTheme.swift in Sources */,
				993C1BDB2D8D600E00AD9BE4 /* QuizViewController.swift in Sources */,
				993C1BE02D8D600E00AD9BE4 /* QuizSettingsView.swift in Sources */,
				993C1BE52D8D668700AD9BE4 /* QuizQuestionPresenter.swift in Sources */,
				993C1BDC2D8D600E00AD9BE4 /* QuizResultViewController.swift in Sources */,
				993C1BDD2D8D600E00AD9BE4 /* ThemeModel.swift in Sources */,
				9945AFA02DA5C2CC00B15A77 /* QuizPresenter.swift in Sources */,
				9945AFA22DA5C2EF00B15A77 /* QuizPresenterProtocol.swift in Sources */,
			);
			runOnlyForDeploymentPostprocessing = 0;
		};
		99B400042E20000100B40001 /* Sources */ = {
			isa = PBXSourcesBuildPhase;
			buildActionMask = 2147483647;
			files = (
				A10000040000000100000001 /* AuthServiceTests.swift in Sources */,
				99E300032F20000100E30001 /* AnalyticsServiceTests.swift in Sources */,
				A10000092F60000100A10001 /* HomeThemeCardFeatureTests.swift in Sources */,
				C10000012F70000100C10001 /* HomeThemeCardFlipTransitionTests.swift in Sources */,
				99B400022E20000100B40001 /* QuiziceTests.swift in Sources */,
				99F000032EA0000100F00001 /* AppAppearanceTests.swift in Sources */,
				99F000052EA0000100F00001 /* QuizPresenterTests.swift in Sources */,
				99F000072EA0000100F00001 /* QuizQuestionPresenterTests.swift in Sources */,
				99F000092EA0000100F00001 /* QuizFactoryTests.swift in Sources */,
				99F0000B2EA0000100F00001 /* QuizFlowCoordinatorAdditionalTests.swift in Sources */,
				99B400102E20000100B40001 /* StatisticsSummaryTests.swift in Sources */,
				99B400122E20000100B40001 /* StatisticsStoreTests.swift in Sources */,
				99B400142E20000100B40001 /* QuizQuestionPresenterFailureStateTests.swift in Sources */,
				99B400162E20000100B40001 /* HomeScreenVisualStateTests.swift in Sources */,
				99B400182E20000100B40001 /* CrossScreenVisualStateTests.swift in Sources */,
				99C0FFF52E50000100C0DE01 /* LocalizationTests.swift in Sources */,
				99A1AA012F10000100A1AA01 /* YandexAIQuizThemeServiceTests.swift in Sources */,
				99F000012EA0000100F00001 /* SnapshotSupport.swift in Sources */,
				99F0000D2EA0000100F00001 /* ComponentSnapshotTests.swift in Sources */,
				99F0000F2EA0000100F00001 /* HomeCardSnapshotTests.swift in Sources */,
				99F000112EA0000100F00001 /* ScreenSnapshotTests.swift in Sources */,
				99F000132EA0000100F00001 /* SwiftUISnapshotTests.swift in Sources */,
			);
			runOnlyForDeploymentPostprocessing = 0;
		};
/* End PBXSourcesBuildPhase section */

/* Begin PBXTargetDependency section */
		99B4000C2E20000100B40001 /* PBXTargetDependency */ = {
			isa = PBXTargetDependency;
			target = 993C1BA82D8D5E8900AD9BE4 /* Quizice */;
			targetProxy = 99B4000B2E20000100B40001 /* PBXContainerItemProxy */;
		};
/* End PBXTargetDependency section */

/* Begin PBXVariantGroup section */
		993C1BC52D8D5EC200AD9BE4 /* LaunchScreen.storyboard */ = {
			isa = PBXVariantGroup;
			children = (
				993C1BC42D8D5EC200AD9BE4 /* Base */,
			);
			name = LaunchScreen.storyboard;
			sourceTree = "<group>";
		};
		993C1BC62D8D5EC200AD9BE4 /* Localizable.strings */ = {
			isa = PBXVariantGroup;
			children = (
				99C0F1002E50000100C0DE01 /* ru */,
				99C0F1012E50000100C0DE01 /* en */,
				99C0F1022E50000100C0DE01 /* es */,
				99C0F1032E50000100C0DE01 /* de */,
				99C0F1042E50000100C0DE01 /* it */,
				99C0F1052E50000100C0DE01 /* fr */,
			);
			name = Localizable.strings;
			sourceTree = "<group>";
		};
		A20000082F80000100A20001 /* InfoPlist.strings */ = {
			isa = PBXVariantGroup;
			children = (
				A20000022F80000100A20001 /* ru */,
				A20000032F80000100A20001 /* en */,
				A20000042F80000100A20001 /* es */,
				A20000052F80000100A20001 /* de */,
				A20000062F80000100A20001 /* it */,
				A20000072F80000100A20001 /* fr */,
			);
			name = InfoPlist.strings;
			sourceTree = "<group>";
		};
		993C1C042D8F0A5B00AD9BE4 /* data.json */ = {
			isa = PBXVariantGroup;
			children = (
				99C0F1102E50000100C0DE01 /* ru */,
				99C0F1112E50000100C0DE01 /* en */,
				99C0F1122E50000100C0DE01 /* es */,
				99C0F1132E50000100C0DE01 /* de */,
				99C0F1142E50000100C0DE01 /* it */,
				99C0F1152E50000100C0DE01 /* fr */,
			);
			name = data.json;
			sourceTree = "<group>";
		};
/* End PBXVariantGroup section */

/* Begin XCBuildConfiguration section */
		993C1BBD2D8D5E8A00AD9BE4 /* Debug */ = {
			isa = XCBuildConfiguration;
			buildSettings = {
				APPMETRICA_API_KEY = YOUR_APPMETRICA_API_KEY;
				BACKEND_BASE_URL = "";
				ASSETCATALOG_COMPILER_APPICON_NAME = AppIcon;
				ASSETCATALOG_COMPILER_GLOBAL_ACCENT_COLOR_NAME = AccentColor;
				CODE_SIGN_STYLE = Automatic;
				CODE_SIGN_ENTITLEMENTS = Quizice/Quizice.entitlements;
				CURRENT_PROJECT_VERSION = 1;
				DEVELOPMENT_TEAM = V459R55R59;
				GENERATE_INFOPLIST_FILE = YES;
				INFOPLIST_FILE = Quizice/Info.plist;
				INFOPLIST_KEY_UIApplicationSupportsIndirectInputEvents = YES;
				INFOPLIST_KEY_UILaunchStoryboardName = LaunchScreen;
				INFOPLIST_KEY_UISupportedInterfaceOrientations = UIInterfaceOrientationPortrait;
				INFOPLIST_KEY_UISupportedInterfaceOrientations_iPad = "UIInterfaceOrientationLandscapeLeft UIInterfaceOrientationLandscapeRight UIInterfaceOrientationPortrait UIInterfaceOrientationPortraitUpsideDown";
				IPHONEOS_DEPLOYMENT_TARGET = 18.0;
				LD_RUNPATH_SEARCH_PATHS = (
					"$(inherited)",
					"@executable_path/Frameworks",
				);
				MARKETING_VERSION = 1.0;
				PRODUCT_BUNDLE_IDENTIFIER = ru.avtabenskiy.Quizice;
				PRODUCT_NAME = "$(TARGET_NAME)";
				SUPPORTED_PLATFORMS = "iphoneos iphonesimulator";
				SUPPORTS_MACCATALYST = NO;
				SUPPORTS_MAC_DESIGNED_FOR_IPHONE_IPAD = NO;
				SUPPORTS_XR_DESIGNED_FOR_IPHONE_IPAD = NO;
				SWIFT_EMIT_LOC_STRINGS = YES;
				SWIFT_VERSION = 5.0;
				TARGETED_DEVICE_FAMILY = 1;
			};
			name = Debug;
		};
		993C1BBE2D8D5E8A00AD9BE4 /* Release */ = {
			isa = XCBuildConfiguration;
			buildSettings = {
				APPMETRICA_API_KEY = "f86ee459-cc9e-4cbf-82cc-a3b614e80da7";
				BACKEND_BASE_URL = "";
				ASSETCATALOG_COMPILER_APPICON_NAME = AppIcon;
				ASSETCATALOG_COMPILER_GLOBAL_ACCENT_COLOR_NAME = AccentColor;
				CODE_SIGN_STYLE = Automatic;
				CODE_SIGN_ENTITLEMENTS = Quizice/Quizice.entitlements;
				CURRENT_PROJECT_VERSION = 1;
				DEVELOPMENT_TEAM = V459R55R59;
				GENERATE_INFOPLIST_FILE = YES;
				INFOPLIST_FILE = Quizice/Info.plist;
				INFOPLIST_KEY_UIApplicationSupportsIndirectInputEvents = YES;
				INFOPLIST_KEY_UILaunchStoryboardName = LaunchScreen;
				INFOPLIST_KEY_UISupportedInterfaceOrientations = UIInterfaceOrientationPortrait;
				INFOPLIST_KEY_UISupportedInterfaceOrientations_iPad = "UIInterfaceOrientationLandscapeLeft UIInterfaceOrientationLandscapeRight UIInterfaceOrientationPortrait UIInterfaceOrientationPortraitUpsideDown";
				IPHONEOS_DEPLOYMENT_TARGET = 18.0;
				LD_RUNPATH_SEARCH_PATHS = (
					"$(inherited)",
					"@executable_path/Frameworks",
				);
				MARKETING_VERSION = 1.0;
				PRODUCT_BUNDLE_IDENTIFIER = ru.avtabenskiy.Quizice;
				PRODUCT_NAME = "$(TARGET_NAME)";
				SUPPORTED_PLATFORMS = "iphoneos iphonesimulator";
				SUPPORTS_MACCATALYST = NO;
				SUPPORTS_MAC_DESIGNED_FOR_IPHONE_IPAD = NO;
				SUPPORTS_XR_DESIGNED_FOR_IPHONE_IPAD = NO;
				SWIFT_EMIT_LOC_STRINGS = YES;
				SWIFT_VERSION = 5.0;
				TARGETED_DEVICE_FAMILY = 1;
			};
			name = Release;
		};
		993C1BBF2D8D5E8A00AD9BE4 /* Debug */ = {
			isa = XCBuildConfiguration;
			buildSettings = {
				ALWAYS_SEARCH_USER_PATHS = NO;
				ASSETCATALOG_COMPILER_GENERATE_SWIFT_ASSET_SYMBOL_EXTENSIONS = YES;
				CLANG_ANALYZER_NONNULL = YES;
				CLANG_ANALYZER_NUMBER_OBJECT_CONVERSION = YES_AGGRESSIVE;
				CLANG_CXX_LANGUAGE_STANDARD = "gnu++20";
				CLANG_ENABLE_MODULES = YES;
				CLANG_ENABLE_OBJC_ARC = YES;
				CLANG_ENABLE_OBJC_WEAK = YES;
				CLANG_WARN_BLOCK_CAPTURE_AUTORELEASING = YES;
				CLANG_WARN_BOOL_CONVERSION = YES;
				CLANG_WARN_COMMA = YES;
				CLANG_WARN_CONSTANT_CONVERSION = YES;
				CLANG_WARN_DEPRECATED_OBJC_IMPLEMENTATIONS = YES;
				CLANG_WARN_DIRECT_OBJC_ISA_USAGE = YES_ERROR;
				CLANG_WARN_DOCUMENTATION_COMMENTS = YES;
				CLANG_WARN_EMPTY_BODY = YES;
				CLANG_WARN_ENUM_CONVERSION = YES;
				CLANG_WARN_INFINITE_RECURSION = YES;
				CLANG_WARN_INT_CONVERSION = YES;
				CLANG_WARN_NON_LITERAL_NULL_CONVERSION = YES;
				CLANG_WARN_OBJC_IMPLICIT_RETAIN_SELF = YES;
				CLANG_WARN_OBJC_LITERAL_CONVERSION = YES;
				CLANG_WARN_OBJC_ROOT_CLASS = YES_ERROR;
				CLANG_WARN_QUOTED_INCLUDE_IN_FRAMEWORK_HEADER = YES;
				CLANG_WARN_RANGE_LOOP_ANALYSIS = YES;
				CLANG_WARN_STRICT_PROTOTYPES = YES;
				CLANG_WARN_SUSPICIOUS_MOVE = YES;
				CLANG_WARN_UNGUARDED_AVAILABILITY = YES_AGGRESSIVE;
				CLANG_WARN_UNREACHABLE_CODE = YES;
				CLANG_WARN__DUPLICATE_METHOD_MATCH = YES;
				COPY_PHASE_STRIP = NO;
				DEBUG_INFORMATION_FORMAT = dwarf;
				ENABLE_STRICT_OBJC_MSGSEND = YES;
				ENABLE_TESTABILITY = YES;
				ENABLE_USER_SCRIPT_SANDBOXING = YES;
				GCC_C_LANGUAGE_STANDARD = gnu17;
				GCC_DYNAMIC_NO_PIC = NO;
				GCC_NO_COMMON_BLOCKS = YES;
				GCC_OPTIMIZATION_LEVEL = 0;
				GCC_PREPROCESSOR_DEFINITIONS = (
					"DEBUG=1",
					"$(inherited)",
				);
				GCC_WARN_64_TO_32_BIT_CONVERSION = YES;
				GCC_WARN_ABOUT_RETURN_TYPE = YES_ERROR;
				GCC_WARN_UNDECLARED_SELECTOR = YES;
				GCC_WARN_UNINITIALIZED_AUTOS = YES_AGGRESSIVE;
				GCC_WARN_UNUSED_FUNCTION = YES;
				GCC_WARN_UNUSED_VARIABLE = YES;
				IPHONEOS_DEPLOYMENT_TARGET = 18.0;
				LOCALIZATION_PREFERS_STRING_CATALOGS = YES;
				MTL_ENABLE_DEBUG_INFO = INCLUDE_SOURCE;
				MTL_FAST_MATH = YES;
				ONLY_ACTIVE_ARCH = YES;
				SDKROOT = iphoneos;
				SWIFT_ACTIVE_COMPILATION_CONDITIONS = "DEBUG $(inherited)";
				SWIFT_OPTIMIZATION_LEVEL = "-Onone";
			};
			name = Debug;
		};
		993C1BC02D8D5E8A00AD9BE4 /* Release */ = {
			isa = XCBuildConfiguration;
			buildSettings = {
				ALWAYS_SEARCH_USER_PATHS = NO;
				ASSETCATALOG_COMPILER_GENERATE_SWIFT_ASSET_SYMBOL_EXTENSIONS = YES;
				CLANG_ANALYZER_NONNULL = YES;
				CLANG_ANALYZER_NUMBER_OBJECT_CONVERSION = YES_AGGRESSIVE;
				CLANG_CXX_LANGUAGE_STANDARD = "gnu++20";
				CLANG_ENABLE_MODULES = YES;
				CLANG_ENABLE_OBJC_ARC = YES;
				CLANG_ENABLE_OBJC_WEAK = YES;
				CLANG_WARN_BLOCK_CAPTURE_AUTORELEASING = YES;
				CLANG_WARN_BOOL_CONVERSION = YES;
				CLANG_WARN_COMMA = YES;
				CLANG_WARN_CONSTANT_CONVERSION = YES;
				CLANG_WARN_DEPRECATED_OBJC_IMPLEMENTATIONS = YES;
				CLANG_WARN_DIRECT_OBJC_ISA_USAGE = YES_ERROR;
				CLANG_WARN_DOCUMENTATION_COMMENTS = YES;
				CLANG_WARN_EMPTY_BODY = YES;
				CLANG_WARN_ENUM_CONVERSION = YES;
				CLANG_WARN_INFINITE_RECURSION = YES;
				CLANG_WARN_INT_CONVERSION = YES;
				CLANG_WARN_NON_LITERAL_NULL_CONVERSION = YES;
				CLANG_WARN_OBJC_IMPLICIT_RETAIN_SELF = YES;
				CLANG_WARN_OBJC_LITERAL_CONVERSION = YES;
				CLANG_WARN_OBJC_ROOT_CLASS = YES_ERROR;
				CLANG_WARN_QUOTED_INCLUDE_IN_FRAMEWORK_HEADER = YES;
				CLANG_WARN_RANGE_LOOP_ANALYSIS = YES;
				CLANG_WARN_STRICT_PROTOTYPES = YES;
				CLANG_WARN_SUSPICIOUS_MOVE = YES;
				CLANG_WARN_UNGUARDED_AVAILABILITY = YES_AGGRESSIVE;
				CLANG_WARN_UNREACHABLE_CODE = YES;
				CLANG_WARN__DUPLICATE_METHOD_MATCH = YES;
				COPY_PHASE_STRIP = NO;
				DEBUG_INFORMATION_FORMAT = "dwarf-with-dsym";
				ENABLE_NS_ASSERTIONS = NO;
				ENABLE_STRICT_OBJC_MSGSEND = YES;
				ENABLE_USER_SCRIPT_SANDBOXING = YES;
				GCC_C_LANGUAGE_STANDARD = gnu17;
				GCC_NO_COMMON_BLOCKS = YES;
				GCC_WARN_64_TO_32_BIT_CONVERSION = YES;
				GCC_WARN_ABOUT_RETURN_TYPE = YES_ERROR;
				GCC_WARN_UNDECLARED_SELECTOR = YES;
				GCC_WARN_UNINITIALIZED_AUTOS = YES_AGGRESSIVE;
				GCC_WARN_UNUSED_FUNCTION = YES;
				GCC_WARN_UNUSED_VARIABLE = YES;
				IPHONEOS_DEPLOYMENT_TARGET = 18.0;
				LOCALIZATION_PREFERS_STRING_CATALOGS = YES;
				MTL_ENABLE_DEBUG_INFO = NO;
				MTL_FAST_MATH = YES;
				SDKROOT = iphoneos;
				SWIFT_COMPILATION_MODE = wholemodule;
				VALIDATE_PRODUCT = YES;
			};
			name = Release;
		};
		99B4000D2E20000100B40001 /* Debug */ = {
			isa = XCBuildConfiguration;
			buildSettings = {
				ALWAYS_EMBED_SWIFT_STANDARD_LIBRARIES = YES;
				BUNDLE_LOADER = "$(TEST_HOST)";
				CODE_SIGN_STYLE = Automatic;
				CURRENT_PROJECT_VERSION = 1;
				DEVELOPMENT_TEAM = V459R55R59;
				GENERATE_INFOPLIST_FILE = YES;
				IPHONEOS_DEPLOYMENT_TARGET = 18.0;
				LD_RUNPATH_SEARCH_PATHS = (
					"$(inherited)",
					"@executable_path/Frameworks",
					"@loader_path/Frameworks",
				);
				MARKETING_VERSION = 1.0;
				PRODUCT_BUNDLE_IDENTIFIER = ru.avtabenskiy.QuiziceTests;
				PRODUCT_NAME = "$(TARGET_NAME)";
				SUPPORTED_PLATFORMS = "iphoneos iphonesimulator";
				SUPPORTS_MACCATALYST = NO;
				SUPPORTS_MAC_DESIGNED_FOR_IPHONE_IPAD = NO;
				SUPPORTS_XR_DESIGNED_FOR_IPHONE_IPAD = NO;
				SWIFT_EMIT_LOC_STRINGS = NO;
				SWIFT_VERSION = 5.0;
				TARGETED_DEVICE_FAMILY = 1;
				TEST_HOST = "$(BUILT_PRODUCTS_DIR)/Quizice.app/$(BUNDLE_EXECUTABLE_FOLDER_PATH)/Quizice";
			};
			name = Debug;
		};
		99B4000F2E20000100B40001 /* Release */ = {
			isa = XCBuildConfiguration;
			buildSettings = {
				ALWAYS_EMBED_SWIFT_STANDARD_LIBRARIES = YES;
				BUNDLE_LOADER = "$(TEST_HOST)";
				CODE_SIGN_STYLE = Automatic;
				CURRENT_PROJECT_VERSION = 1;
				DEVELOPMENT_TEAM = V459R55R59;
				GENERATE_INFOPLIST_FILE = YES;
				IPHONEOS_DEPLOYMENT_TARGET = 18.0;
				LD_RUNPATH_SEARCH_PATHS = (
					"$(inherited)",
					"@executable_path/Frameworks",
					"@loader_path/Frameworks",
				);
				MARKETING_VERSION = 1.0;
				PRODUCT_BUNDLE_IDENTIFIER = ru.avtabenskiy.QuiziceTests;
				PRODUCT_NAME = "$(TARGET_NAME)";
				SUPPORTED_PLATFORMS = "iphoneos iphonesimulator";
				SUPPORTS_MACCATALYST = NO;
				SUPPORTS_MAC_DESIGNED_FOR_IPHONE_IPAD = NO;
				SUPPORTS_XR_DESIGNED_FOR_IPHONE_IPAD = NO;
				SWIFT_EMIT_LOC_STRINGS = NO;
				SWIFT_VERSION = 5.0;
				TARGETED_DEVICE_FAMILY = 1;
				TEST_HOST = "$(BUILT_PRODUCTS_DIR)/Quizice.app/$(BUNDLE_EXECUTABLE_FOLDER_PATH)/Quizice";
			};
			name = Release;
		};
/* End XCBuildConfiguration section */

/* Begin XCConfigurationList section */
		993C1BA42D8D5E8900AD9BE4 /* Build configuration list for PBXProject "Quizice" */ = {
			isa = XCConfigurationList;
			buildConfigurations = (
				993C1BBF2D8D5E8A00AD9BE4 /* Debug */,
				993C1BC02D8D5E8A00AD9BE4 /* Release */,
			);
			defaultConfigurationIsVisible = 0;
			defaultConfigurationName = Release;
		};
		993C1BBC2D8D5E8A00AD9BE4 /* Build configuration list for PBXNativeTarget "Quizice" */ = {
			isa = XCConfigurationList;
			buildConfigurations = (
				993C1BBD2D8D5E8A00AD9BE4 /* Debug */,
				993C1BBE2D8D5E8A00AD9BE4 /* Release */,
			);
			defaultConfigurationIsVisible = 0;
			defaultConfigurationName = Release;
		};
		99B4000E2E20000100B40001 /* Build configuration list for PBXNativeTarget "QuiziceTests" */ = {
			isa = XCConfigurationList;
			buildConfigurations = (
				99B4000D2E20000100B40001 /* Debug */,
				99B4000F2E20000100B40001 /* Release */,
			);
			defaultConfigurationIsVisible = 0;
			defaultConfigurationName = Release;
		};
/* End XCConfigurationList section */

/* Begin XCRemoteSwiftPackageReference section */
		2BAB26FD3002BE0300D7E4FD /* XCRemoteSwiftPackageReference "appmetrica-sdk-ios" */ = {
			isa = XCRemoteSwiftPackageReference;
			repositoryURL = "https://github.com/appmetrica/appmetrica-sdk-ios";
			requirement = {
				kind = upToNextMajorVersion;
				minimumVersion = 6.4.0;
			};
		};
		99F000302EA0000100F00001 /* XCRemoteSwiftPackageReference "swift-snapshot-testing" */ = {
			isa = XCRemoteSwiftPackageReference;
			repositoryURL = "https://github.com/pointfreeco/swift-snapshot-testing";
			requirement = {
				kind = upToNextMajorVersion;
				minimumVersion = 1.19.2;
			};
		};
/* End XCRemoteSwiftPackageReference section */

/* Begin XCSwiftPackageProductDependency section */
		2BAB27023002BE0300D7E4FD /* AppMetricaCore */ = {
			isa = XCSwiftPackageProductDependency;
			package = 2BAB26FD3002BE0300D7E4FD /* XCRemoteSwiftPackageReference "appmetrica-sdk-ios" */;
			productName = AppMetricaCore;
		};
		2BAB27043002BE0300D7E4FD /* AppMetricaCrashes */ = {
			isa = XCSwiftPackageProductDependency;
			package = 2BAB26FD3002BE0300D7E4FD /* XCRemoteSwiftPackageReference "appmetrica-sdk-ios" */;
			productName = AppMetricaCrashes;
		};
		99F000202EA0000100F00001 /* SnapshotTesting */ = {
			isa = XCSwiftPackageProductDependency;
			package = 99F000302EA0000100F00001 /* XCRemoteSwiftPackageReference "swift-snapshot-testing" */;
			productName = SnapshotTesting;
		};
/* End XCSwiftPackageProductDependency section */
	};
	rootObject = 993C1BA12D8D5E8900AD9BE4 /* Project object */;
}
